
Microsoft Visual Studio Solution File, Format Version 12.00
# Visual Studio Version 17
VisualStudioVersion = 17.0.31919.166
MinimumVisualStudioVersion = 10.0.40219.1
Project("{FAE04EC0-301F-11D3-BF4B-00C04F79EFBC}") = "Zad_vježba_1", "Zad_vježba_1.csproj", "{7C273D6A-9F52-4DA3-A020-D9466CC85048}"
EndProject
Global
	GlobalSection(SolutionConfigurationPlatforms) = preSolution
		Debug|Any CPU = Debug|Any CPU
		Release|Any CPU = Release|Any CPU
	EndGlobalSection
	GlobalSection(ProjectConfigurationPlatforms) = postSolution
		{7C273D6A-9F52-4DA3-A020-D9466CC85048}.Debug|Any CPU.ActiveCfg = Debug|Any CPU
		{7C273D6A-9F52-4DA3-A020-D9466CC85048}.Debug|Any CPU.Build.0 = Debug|Any CPU
		{7C273D6A-9F52-4DA3-A020-D9466CC85048}.Release|Any CPU.ActiveCfg = Release|Any CPU
		{7C273D6A-9F52-4DA3-A020-D9466CC85048}.Release|Any CPU.Build.0 = Release|Any CPU
	EndGlobalSection
	GlobalSection(SolutionProperties) = preSolution
		HideSolutionNode = FALSE
	EndGlobalSection
	GlobalSection(ExtensibilityGlobals) = postSolution
		SolutionGuid = {3586DD09-6B85-45B1-97B4-4E1D8BDC2B3E}
	EndGlobalSection
EndGlobal
